// !$*UTF8*$!
{
	archiveVersion = 1;
	classes = {
	};
	objectVersion = 46;
	objects = {

/* Begin PBXBuildFile section */
		B32AACA21ED9F60800BA88E1 /* AppDelegate.swift in Sources */ = {isa = PBXBuildFile; fileRef = B32AACA11ED9F60800BA88E1 /* AppDelegate.swift */; };
		B32AACA41ED9F60800BA88E1 /* GeneralViewController.swift in Sources */ = {isa = PBXBuildFile; fileRef = B32AACA31ED9F60800BA88E1 /* GeneralViewController.swift */; };
		B32AACA71ED9F60800BA88E1 /* Main.storyboard in Resources */ = {isa = PBXBuildFile; fileRef = B32AACA51ED9F60800BA88E1 /* Main.storyboard */; };
		B32AACAC1ED9F60800BA88E1 /* Assets.xcassets in Resources */ = {isa = PBXBuildFile; fileRef = B32AACAB1ED9F60800BA88E1 /* Assets.xcassets */; };
		B32AACAF1ED9F60800BA88E1 /* LaunchScreen.storyboard in Resources */ = {isa = PBXBuildFile; fileRef = B32AACAD1ED9F60800BA88E1 /* LaunchScreen.storyboard */; };
		B32AACBA1ED9F60800BA88E1 /* GitHubSearchTests.swift in Sources */ = {isa = PBXBuildFile; fileRef = B32AACB91ED9F60800BA88E1 /* GitHubSearchTests.swift */; };
		B32AACC91ED9F99300BA88E1 /* SearchViewController.swift in Sources */ = {isa = PBXBuildFile; fileRef = B32AACC81ED9F99300BA88E1 /* SearchViewController.swift */; };
		B32AACCC1ED9FDBF00BA88E1 /* SearchViewController+TVDataSource+TVDelegate.swift in Sources */ = {isa = PBXBuildFile; fileRef = B32AACCB1ED9FDBF00BA88E1 /* SearchViewController+TVDataSource+TVDelegate.swift */; };
		B32AACCF1EDA03F300BA88E1 /* DetailViewController.swift in Sources */ = {isa = PBXBuildFile; fileRef = B32AACCE1EDA03F300BA88E1 /* DetailViewController.swift */; };
/* End PBXBuildFile section */

/* Begin PBXContainerItemProxy section */
		B32AACB61ED9F60800BA88E1 /* PBXContainerItemProxy */ = {
			isa = PBXContainerItemProxy;
			containerPortal = B32AAC961ED9F60800BA88E1 /* Project object */;
			proxyType = 1;
			remoteGlobalIDString = B32AAC9D1ED9F60800BA88E1;
			remoteInfo = GitHubSearch;
		};
/* End PBXContainerItemProxy section */

/* Begin PBXFileReference section */
		B32AAC9E1ED9F60800BA88E1 /* GitHubSearch.app */ = {isa = PBXFileReference; explicitFileType = wrapper.application; includeInIndex = 0; path = GitHubSearch.app; sourceTree = BUILT_PRODUCTS_DIR; };
		B32AACA11ED9F60800BA88E1 /* AppDelegate.swift */ = {isa = PBXFileReference; lastKnownFileType = sourcecode.swift; path = AppDelegate.swift; sourceTree = "<group>"; };
		B32AACA31ED9F60800BA88E1 /* GeneralViewController.swift */ = {isa = PBXFileReference; lastKnownFileType = sourcecode.swift; path = GeneralViewController.swift; sourceTree = "<group>"; };
		B32AACA61ED9F60800BA88E1 /* Base */ = {isa = PBXFileReference; lastKnownFileType = file.storyboard; name = Base; path = Base.lproj/Main.storyboard; sourceTree = "<group>"; };
		B32AACAB1ED9F60800BA88E1 /* Assets.xcassets */ = {isa = PBXFileReference; lastKnownFileType = folder.assetcatalog; path = Assets.xcassets; sourceTree = "<group>"; };
		B32AACAE1ED9F60800BA88E1 /* Base */ = {isa = PBXFileReference; lastKnownFileType = file.storyboard; name = Base; path = Base.lproj/LaunchScreen.storyboard; sourceTree = "<group>"; };
		B32AACB01ED9F60800BA88E1 /* Info.plist */ = {isa = PBXFileReference; lastKnownFileType = text.plist.xml; path = Info.plist; sourceTree = "<group>"; };
		B32AACB51ED9F60800BA88E1 /* GitHubSearchTests.xctest */ = {isa = PBXFileReference; explicitFileType = wrapper.cfbundle; includeInIndex = 0; path = GitHubSearchTests.xctest; sourceTree = BUILT_PRODUCTS_DIR; };
		B32AACB91ED9F60800BA88E1 /* GitHubSearchTests.swift */ = {isa = PBXFileReference; lastKnownFileType = sourcecode.swift; path = GitHubSearchTests.swift; sourceTree = "<group>"; };
		B32AACBB1ED9F60800BA88E1 /* Info.plist */ = {isa = PBXFileReference; lastKnownFileType = text.plist.xml; path = Info.plist; sourceTree = "<group>"; };
		B32AACC81ED9F99300BA88E1 /* SearchViewController.swift */ = {isa = PBXFileReference; fileEncoding = 4; lastKnownFileType = sourcecode.swift; path = SearchViewController.swift; sourceTree = "<group>"; };
		B32AACCB1ED9FDBF00BA88E1 /* SearchViewController+TVDataSource+TVDelegate.swift */ = {isa = PBXFileReference; fileEncoding = 4; lastKnownFileType = sourcecode.swift; path = "SearchViewController+TVDataSource+TVDelegate.swift"; sourceTree = "<group>"; };
		B32AACCE1EDA03F300BA88E1 /* DetailViewController.swift */ = {isa = PBXFileReference; fileEncoding = 4; lastKnownFileType = sourcecode.swift; path = DetailViewController.swift; sourceTree = "<group>"; };
/* End PBXFileReference section */

/* Begin PBXFrameworksBuildPhase section */
		B32AAC9B1ED9F60800BA88E1 /* Frameworks */ = {
			isa = PBXFrameworksBuildPhase;
			buildActionMask = 2147483647;
			files = (
			);
			runOnlyForDeploymentPostprocessing = 0;
		};
		B32AACB21ED9F60800BA88E1 /* Frameworks */ = {
			isa = PBXFrameworksBuildPhase;
			buildActionMask = 2147483647;
			files = (
			);
			runOnlyForDeploymentPostprocessing = 0;
		};
/* End PBXFrameworksBuildPhase section */

/* Begin PBXGroup section */
		B32AAC951ED9F60800BA88E1 = {
			isa = PBXGroup;
			children = (
				B32AACA01ED9F60800BA88E1 /* GitHubSearch */,
				B32AACB81ED9F60800BA88E1 /* GitHubSearchTests */,
				B32AAC9F1ED9F60800BA88E1 /* Products */,
			);
			sourceTree = "<group>";
		};
		B32AAC9F1ED9F60800BA88E1 /* Products */ = {
			isa = PBXGroup;
			children = (
				B32AAC9E1ED9F60800BA88E1 /* GitHubSearch.app */,
				B32AACB51ED9F60800BA88E1 /* GitHubSearchTests.xctest */,
			);
			name = Products;
			sourceTree = "<group>";
		};
		B32AACA01ED9F60800BA88E1 /* GitHubSearch */ = {
			isa = PBXGroup;
			children = (
				B32AACA11ED9F60800BA88E1 /* AppDelegate.swift */,
				B32AACC41ED9F84400BA88E1 /* Controllers */,
				B32AACC51ED9F85900BA88E1 /* Storyboards */,
				B32AACAB1ED9F60800BA88E1 /* Assets.xcassets */,
				B32AACB01ED9F60800BA88E1 /* Info.plist */,
			);
			path = GitHubSearch;
			sourceTree = "<group>";
		};
		B32AACB81ED9F60800BA88E1 /* GitHubSearchTests */ = {
			isa = PBXGroup;
			children = (
				B32AACB91ED9F60800BA88E1 /* GitHubSearchTests.swift */,
				B32AACBB1ED9F60800BA88E1 /* Info.plist */,
			);
			path = GitHubSearchTests;
			sourceTree = "<group>";
		};
		B32AACC41ED9F84400BA88E1 /* Controllers */ = {
			isa = PBXGroup;
			children = (
				B32AACC61ED9F8C000BA88E1 /* GeneralViewControllers */,
				B32AACC71ED9F8E600BA88E1 /* HeirViewControllers */,
			);
			name = Controllers;
			sourceTree = "<group>";
		};
		B32AACC51ED9F85900BA88E1 /* Storyboards */ = {
			isa = PBXGroup;
			children = (
				B32AACAD1ED9F60800BA88E1 /* LaunchScreen.storyboard */,
				B32AACA51ED9F60800BA88E1 /* Main.storyboard */,
			);
			name = Storyboards;
			sourceTree = "<group>";
		};
		B32AACC61ED9F8C000BA88E1 /* GeneralViewControllers */ = {
			isa = PBXGroup;
			children = (
				B32AACA31ED9F60800BA88E1 /* GeneralViewController.swift */,
			);
			name = GeneralViewControllers;
			sourceTree = "<group>";
		};
		B32AACC71ED9F8E600BA88E1 /* HeirViewControllers */ = {
			isa = PBXGroup;
			children = (
				B32AACCD1ED9FE1900BA88E1 /* SearchView */,
				B32AACD01EDA0C4300BA88E1 /* DetailViewController */,
			);
			name = HeirViewControllers;
			sourceTree = "<group>";
		};
		B32AACCD1ED9FE1900BA88E1 /* SearchView */ = {
			isa = PBXGroup;
			children = (
				B32AACC81ED9F99300BA88E1 /* SearchViewController.swift */,
				B32AACCB1ED9FDBF00BA88E1 /* SearchViewController+TVDataSource+TVDelegate.swift */,
			);
			name = SearchView;
			sourceTree = "<group>";
		};
		B32AACD01EDA0C4300BA88E1 /* DetailViewController */ = {
			isa = PBXGroup;
			children = (
				B32AACCE1EDA03F300BA88E1 /* DetailViewController.swift */,
			);
			name = DetailViewController;
			sourceTree = "<group>";
		};
/* End PBXGroup section */

/* Begin PBXNativeTarget section */
		B32AAC9D1ED9F60800BA88E1 /* GitHubSearch */ = {
			isa = PBXNativeTarget;
			buildConfigurationList = B32AACBE1ED9F60800BA88E1 /* Build configuration list for PBXNativeTarget "GitHubSearch" */;
			buildPhases = (
				B32AAC9A1ED9F60800BA88E1 /* Sources */,
				B32AAC9B1ED9F60800BA88E1 /* Frameworks */,
				B32AAC9C1ED9F60800BA88E1 /* Resources */,
			);
			buildRules = (
			);
			dependencies = (
			);
			name = GitHubSearch;
			productName = GitHubSearch;
			productReference = B32AAC9E1ED9F60800BA88E1 /* GitHubSearch.app */;
			productType = "com.apple.product-type.application";
		};
		B32AACB41ED9F60800BA88E1 /* GitHubSearchTests */ = {
			isa = PBXNativeTarget;
			buildConfigurationList = B32AACC11ED9F60800BA88E1 /* Build configuration list for PBXNativeTarget "GitHubSearchTests" */;
			buildPhases = (
				B32AACB11ED9F60800BA88E1 /* Sources */,
				B32AACB21ED9F60800BA88E1 /* Frameworks */,
				B32AACB31ED9F60800BA88E1 /* Resources */,
			);
			buildRules = (
			);
			dependencies = (
				B32AACB71ED9F60800BA88E1 /* PBXTargetDependency */,
			);
			name = GitHubSearchTests;
			productName = GitHubSearchTests;
			productReference = B32AACB51ED9F60800BA88E1 /* GitHubSearchTests.xctest */;
			productType = "com.apple.product-type.bundle.unit-test";
		};
/* End PBXNativeTarget section */

/* Begin PBXProject section */
		B32AAC961ED9F60800BA88E1 /* Project object */ = {
			isa = PBXProject;
			attributes = {
				LastSwiftUpdateCheck = 0830;
				LastUpgradeCheck = 0830;
				ORGANIZATIONNAME = "Universidad Pontificia de Salamanca";
				TargetAttributes = {
					B32AAC9D1ED9F60800BA88E1 = {
						CreatedOnToolsVersion = 8.3.2;
						DevelopmentTeam = E792YKQ3U4;
						ProvisioningStyle = Automatic;
					};
					B32AACB41ED9F60800BA88E1 = {
						CreatedOnToolsVersion = 8.3.2;
						DevelopmentTeam = E792YKQ3U4;
						ProvisioningStyle = Automatic;
						TestTargetID = B32AAC9D1ED9F60800BA88E1;
					};
				};
			};
			buildConfigurationList = B32AAC991ED9F60800BA88E1 /* Build configuration list for PBXProject "GitHubSearch" */;
			compatibilityVersion = "Xcode 3.2";
			developmentRegion = English;
			hasScannedForEncodings = 0;
			knownRegions = (
				en,
				Base,
			);
			mainGroup = B32AAC951ED9F60800BA88E1;
			productRefGroup = B32AAC9F1ED9F60800BA88E1 /* Products */;
			projectDirPath = "";
			projectRoot = "";
			targets = (
				B32AAC9D1ED9F60800BA88E1 /* GitHubSearch */,
				B32AACB41ED9F60800BA88E1 /* GitHubSearchTests */,
			);
		};
/* End PBXProject section */

/* Begin PBXResourcesBuildPhase section */
		B32AAC9C1ED9F60800BA88E1 /* Resources */ = {
			isa = PBXResourcesBuildPhase;
			buildActionMask = 2147483647;
			files = (
				B32AACAF1ED9F60800BA88E1 /* LaunchScreen.storyboard in Resources */,
				B32AACAC1ED9F60800BA88E1 /* Assets.xcassets in Resources */,
				B32AACA71ED9F60800BA88E1 /* Main.storyboard in Resources */,
			);
			runOnlyForDeploymentPostprocessing = 0;
		};
		B32AACB31ED9F60800BA88E1 /* Resources */ = {
			isa = PBXResourcesBuildPhase;
			buildActionMask = 2147483647;
			files = (
			);
			runOnlyForDeploymentPostprocessing = 0;
		};
/* End PBXResourcesBuildPhase section */

/* Begin PBXSourcesBuildPhase section */
		B32AAC9A1ED9F60800BA88E1 /* Sources */ = {
			isa = PBXSourcesBuildPhase;
			buildActionMask = 2147483647;
			files = (
				B32AACC91ED9F99300BA88E1 /* SearchViewController.swift in Sources */,
				B32AACA41ED9F60800BA88E1 /* GeneralViewController.swift in Sources */,
				B32AACCF1EDA03F300BA88E1 /* DetailViewController.swift in Sources */,
				B32AACCC1ED9FDBF00BA88E1 /* SearchViewController+TVDataSource+TVDelegate.swift in Sources */,
				B32AACA21ED9F60800BA88E1 /* AppDelegate.swift in Sources */,
			);
			runOnlyForDeploymentPostprocessing = 0;
		};
		B32AACB11ED9F60800BA88E1 /* Sources */ = {
			isa = PBXSourcesBuildPhase;
			buildActionMask = 2147483647;
			files = (
				B32AACBA1ED9F60800BA88E1 /* GitHubSearchTests.swift in Sources */,
			);
			runOnlyForDeploymentPostprocessing = 0;
		};
/* End PBXSourcesBuildPhase section */

/* Begin PBXTargetDependency section */
		B32AACB71ED9F60800BA88E1 /* PBXTargetDependency */ = {
			isa = PBXTargetDependency;
			target = B32AAC9D1ED9F60800BA88E1 /* GitHubSearch */;
			targetProxy = B32AACB61ED9F60800BA88E1 /* PBXContainerItemProxy */;
		};
/* End PBXTargetDependency section */

/* Begin PBXVariantGroup section */
		B32AACA51ED9F60800BA88E1 /* Main.storyboard */ = {
			isa = PBXVariantGroup;
			children = (
				B32AACA61ED9F60800BA88E1 /* Base */,
			);
			name = Main.storyboard;
			sourceTree = "<group>";
		};
		B32AACAD1ED9F60800BA88E1 /* LaunchScreen.storyboard */ = {
			isa = PBXVariantGroup;
			children = (
				B32AACAE1ED9F60800BA88E1 /* Base */,
			);
			name = LaunchScreen.storyboard;
			sourceTree = "<group>";
		};
/* End PBXVariantGroup section */

/* Begin XCBuildConfiguration section */
		B32AACBC1ED9F60800BA88E1 /* Debug */ = {
			isa = XCBuildConfiguration;
			buildSettings = {
				ALWAYS_SEARCH_USER_PATHS = NO;
				CLANG_ANALYZER_NONNULL = YES;
				CLANG_ANALYZER_NUMBER_OBJECT_CONVERSION = YES_AGGRESSIVE;
				CLANG_CXX_LANGUAGE_STANDARD = "gnu++0x";
				CLANG_CXX_LIBRARY = "libc++";
				CLANG_ENABLE_MODULES = YES;
				CLANG_ENABLE_OBJC_ARC = YES;
				CLANG_WARN_BOOL_CONVERSION = YES;
				CLANG_WARN_CONSTANT_CONVERSION = YES;
				CLANG_WARN_DIRECT_OBJC_ISA_USAGE = YES_ERROR;
				CLANG_WARN_DOCUMENTATION_COMMENTS = YES;
				CLANG_WARN_EMPTY_BODY = YES;
				CLANG_WARN_ENUM_CONVERSION = YES;
				CLANG_WARN_INFINITE_RECURSION = YES;
				CLANG_WARN_INT_CONVERSION = YES;
				CLANG_WARN_OBJC_ROOT_CLASS = YES_ERROR;
				CLANG_WARN_SUSPICIOUS_MOVE = YES;
				CLANG_WARN_UNREACHABLE_CODE = YES;
				CLANG_WARN__DUPLICATE_METHOD_MATCH = YES;
				"CODE_SIGN_IDENTITY[sdk=iphoneos*]" = "iPhone Developer";
				COPY_PHASE_STRIP = NO;
				DEBUG_INFORMATION_FORMAT = dwarf;
				ENABLE_STRICT_OBJC_MSGSEND = YES;
				ENABLE_TESTABILITY = YES;
				GCC_C_LANGUAGE_STANDARD = gnu99;
				GCC_DYNAMIC_NO_PIC = NO;
				GCC_NO_COMMON_BLOCKS = YES;
				GCC_OPTIMIZATION_LEVEL = 0;
				GCC_PREPROCESSOR_DEFINITIONS = (
					"DEBUG=1",
					"$(inherited)",
				);
				GCC_WARN_64_TO_32_BIT_CONVERSION = YES;
				GCC_WARN_ABOUT_RETURN_TYPE = YES_ERROR;
				GCC_WARN_UNDECLARED_SELECTOR = YES;
				GCC_WARN_UNINITIALIZED_AUTOS = YES_AGGRESSIVE;
				GCC_WARN_UNUSED_FUNCTION = YES;
				GCC_WARN_UNUSED_VARIABLE = YES;
				IPHONEOS_DEPLOYMENT_TARGET = 10.3;
				MTL_ENABLE_DEBUG_INFO = YES;
				ONLY_ACTIVE_ARCH = YES;
				SDKROOT = iphoneos;
				SWIFT_ACTIVE_COMPILATION_CONDITIONS = DEBUG;
				SWIFT_OPTIMIZATION_LEVEL = "-Onone";
				TARGETED_DEVICE_FAMILY = "1,2";
			};
			name = Debug;
		};
		B32AACBD1ED9F60800BA88E1 /* Release */ = {
			isa = XCBuildConfiguration;
			buildSettings = {
				ALWAYS_SEARCH_USER_PATHS = NO;
				CLANG_ANALYZER_NONNULL = YES;
				CLANG_ANALYZER_NUMBER_OBJECT_CONVERSION = YES_AGGRESSIVE;
				CLANG_CXX_LANGUAGE_STANDARD = "gnu++0x";
				CLANG_CXX_LIBRARY = "libc++";
				CLANG_ENABLE_MODULES = YES;
				CLANG_ENABLE_OBJC_ARC = YES;
				CLANG_WARN_BOOL_CONVERSION = YES;
				CLANG_WARN_CONSTANT_CONVERSION = YES;
				CLANG_WARN_DIRECT_OBJC_ISA_USAGE = YES_ERROR;
				CLANG_WARN_DOCUMENTATION_COMMENTS = YES;
				CLANG_WARN_EMPTY_BODY = YES;
				CLANG_WARN_ENUM_CONVERSION = YES;
				CLANG_WARN_INFINITE_RECURSION = YES;
				CLANG_WARN_INT_CONVERSION = YES;
				CLANG_WARN_OBJC_ROOT_CLASS = YES_ERROR;
				CLANG_WARN_SUSPICIOUS_MOVE = YES;
				CLANG_WARN_UNREACHABLE_CODE = YES;
				CLANG_WARN__DUPLICATE_METHOD_MATCH = YES;
				"CODE_SIGN_IDENTITY[sdk=iphoneos*]" = "iPhone Developer";
				COPY_PHASE_STRIP = NO;
				DEBUG_INFORMATION_FORMAT = "dwarf-with-dsym";
				ENABLE_NS_ASSERTIONS = NO;
				ENABLE_STRICT_OBJC_MSGSEND = YES;
				GCC_C_LANGUAGE_STANDARD = gnu99;
				GCC_NO_COMMON_BLOCKS = YES;
				GCC_WARN_64_TO_32_BIT_CONVERSION = YES;
				GCC_WARN_ABOUT_RETURN_TYPE = YES_ERROR;
				GCC_WARN_UNDECLARED_SELECTOR = YES;
				GCC_WARN_UNINITIALIZED_AUTOS = YES_AGGRESSIVE;
				GCC_WARN_UNUSED_FUNCTION = YES;
				GCC_WARN_UNUSED_VARIABLE = YES;
				IPHONEOS_DEPLOYMENT_TARGET = 10.3;
				MTL_ENABLE_DEBUG_INFO = NO;
				SDKROOT = iphoneos;
				SWIFT_OPTIMIZATION_LEVEL = "-Owholemodule";
				TARGETED_DEVICE_FAMILY = "1,2";
				VALIDATE_PRODUCT = YES;
			};
			name = Release;
		};
		B32AACBF1ED9F60800BA88E1 /* Debug */ = {
			isa = XCBuildConfiguration;
			buildSettings = {
				ASSETCATALOG_COMPILER_APPICON_NAME = AppIcon;
				DEVELOPMENT_TEAM = E792YKQ3U4;
				INFOPLIST_FILE = GitHubSearch/Info.plist;
				IPHONEOS_DEPLOYMENT_TARGET = 9.0;
				LD_RUNPATH_SEARCH_PATHS = "$(inherited) @executable_path/Frameworks";
				PRODUCT_BUNDLE_IDENTIFIER = es.upsa.mimo.dm.GitHubSearch;
				PRODUCT_NAME = "$(TARGET_NAME)";
				SWIFT_VERSION = 3.0;
			};
			name = Debug;
		};
		B32AACC01ED9F60800BA88E1 /* Release */ = {
			isa = XCBuildConfiguration;
			buildSettings = {
				ASSETCATALOG_COMPILER_APPICON_NAME = AppIcon;
				DEVELOPMENT_TEAM = E792YKQ3U4;
				INFOPLIST_FILE = GitHubSearch/Info.plist;
				IPHONEOS_DEPLOYMENT_TARGET = 9.0;
				LD_RUNPATH_SEARCH_PATHS = "$(inherited) @executable_path/Frameworks";
				PRODUCT_BUNDLE_IDENTIFIER = es.upsa.mimo.dm.GitHubSearch;
				PRODUCT_NAME = "$(TARGET_NAME)";
				SWIFT_VERSION = 3.0;
			};
			name = Release;
		};
		B32AACC21ED9F60800BA88E1 /* Debug */ = {
			isa = XCBuildConfiguration;
			buildSettings = {
				ALWAYS_EMBED_SWIFT_STANDARD_LIBRARIES = YES;
				BUNDLE_LOADER = "$(TEST_HOST)";
				DEVELOPMENT_TEAM = E792YKQ3U4;
				INFOPLIST_FILE = GitHubSearchTests/Info.plist;
				LD_RUNPATH_SEARCH_PATHS = "$(inherited) @executable_path/Frameworks @loader_path/Frameworks";
				PRODUCT_BUNDLE_IDENTIFIER = es.upsa.mimo.dm.GitHubSearchTests;
				PRODUCT_NAME = "$(TARGET_NAME)";
				SWIFT_VERSION = 3.0;
				TEST_HOST = "$(BUILT_PRODUCTS_DIR)/GitHubSearch.app/GitHubSearch";
			};
			name = Debug;
		};
		B32AACC31ED9F60800BA88E1 /* Release */ = {
			isa = XCBuildConfiguration;
			buildSettings = {
				ALWAYS_EMBED_SWIFT_STANDARD_LIBRARIES = YES;
				BUNDLE_LOADER = "$(TEST_HOST)";
				DEVELOPMENT_TEAM = E792YKQ3U4;
				INFOPLIST_FILE = GitHubSearchTests/Info.plist;
				LD_RUNPATH_SEARCH_PATHS = "$(inherited) @executable_path/Frameworks @loader_path/Frameworks";
				PRODUCT_BUNDLE_IDENTIFIER = es.upsa.mimo.dm.GitHubSearchTests;
				PRODUCT_NAME = "$(TARGET_NAME)";
				SWIFT_VERSION = 3.0;
				TEST_HOST = "$(BUILT_PRODUCTS_DIR)/GitHubSearch.app/GitHubSearch";
			};
			name = Release;
		};
/* End XCBuildConfiguration section */

/* Begin XCConfigurationList section */
		B32AAC991ED9F60800BA88E1 /* Build configuration list for PBXProject "GitHubSearch" */ = {
			isa = XCConfigurationList;
			buildConfigurations = (
				B32AACBC1ED9F60800BA88E1 /* Debug */,
				B32AACBD1ED9F60800BA88E1 /* Release */,
			);
			defaultConfigurationIsVisible = 0;
			defaultConfigurationName = Release;
		};
		B32AACBE1ED9F60800BA88E1 /* Build configuration list for PBXNativeTarget "GitHubSearch" */ = {
			isa = XCConfigurationList;
			buildConfigurations = (
				B32AACBF1ED9F60800BA88E1 /* Debug */,
				B32AACC01ED9F60800BA88E1 /* Release */,
			);
			defaultConfigurationIsVisible = 0;
		};
		B32AACC11ED9F60800BA88E1 /* Build configuration list for PBXNativeTarget "GitHubSearchTests" */ = {
			isa = XCConfigurationList;
			buildConfigurations = (
				B32AACC21ED9F60800BA88E1 /* Debug */,
				B32AACC31ED9F60800BA88E1 /* Release */,
			);
			defaultConfigurationIsVisible = 0;
		};
/* End XCConfigurationList section */
	};
	rootObject = B32AAC961ED9F60800BA88E1 /* Project object */;
}
